{
	"name": "babbelaar-vscode-language-pack-nl",
	"version": "1.93.0",
	"lockfileVersion": 3,
	"requires": true,
	"packages": {
		"": {
			"name": "babbelaar-vscode-language-pack-nl",
			"version": "1.93.0",
			"license": "SEE MIT LICENSE IN LICENSE.md",
			"engines": {
				"vscode": "^1.93.0"
			}
		}
	}
}
